
Microsoft Visual Studio Solution File, Format Version 12.00
# Visual Studio 2013
VisualStudioVersion = 12.0.30501.0
MinimumVisualStudioVersion = 10.0.40219.1
Project("{FAE04EC0-301F-11D3-BF4B-00C04F79EFBC}") = "Mobile", "Mobile\Mobile.csproj", "{B2966B21-4AE9-4D58-97D9-176D160F8314}"
EndProject
Project("{FAE04EC0-301F-11D3-BF4B-00C04F79EFBC}") = "ViewModels", "ViewModels\ViewModels.csproj", "{1176FBFA-1E52-4DBD-9CF0-9442F43B949A}"
EndProject
Project("{2150E333-8FDC-42A3-9474-1A3956D46DE8}") = "Shared Code Base", "Shared Code Base", "{A540384C-ED3A-40B9-BBD1-D8E1B7623669}"
EndProject
Project("{2150E333-8FDC-42A3-9474-1A3956D46DE8}") = "Views", "Views", "{D0B851DC-798D-48DB-9EB9-26404A3F236E}"
EndProject
Project("{2150E333-8FDC-42A3-9474-1A3956D46DE8}") = "Apps", "Apps", "{88E88A00-375C-4127-A800-C820C61A5596}"
EndProject
Project("{FAE04EC0-301F-11D3-BF4B-00C04F79EFBC}") = "Android", "Android\Android.csproj", "{0829E0A9-7976-4309-9AE2-4B34C6CBC626}"
	ProjectSection(ProjectDependencies) = postProject
		{B2966B21-4AE9-4D58-97D9-176D160F8314} = {B2966B21-4AE9-4D58-97D9-176D160F8314}
		{0545CB3C-59C8-4888-AE80-5BC0613F61E8} = {0545CB3C-59C8-4888-AE80-5BC0613F61E8}
	EndProjectSection
EndProject
Project("{FAE04EC0-301F-11D3-BF4B-00C04F79EFBC}") = "Mobile.Android", "Mobile.Android\Mobile.Android.csproj", "{7748D299-D607-4C4F-A480-D38E46111157}"
	ProjectSection(ProjectDependencies) = postProject
		{121784E0-C4F7-4B51-92E1-25C26F084D24} = {121784E0-C4F7-4B51-92E1-25C26F084D24}
	EndProjectSection
EndProject
Project("{FAE04EC0-301F-11D3-BF4B-00C04F79EFBC}") = "Mobile.Touch", "Mobile.Touch\Mobile.Touch.csproj", "{735E7F35-9E4C-47D1-9516-6AF7202BE6AD}"
EndProject
Project("{2150E333-8FDC-42A3-9474-1A3956D46DE8}") = "Plattform Implementations", "Plattform Implementations", "{46B20745-25CA-4C69-8CB2-11A62BD9EF13}"
EndProject
Project("{FAE04EC0-301F-11D3-BF4B-00C04F79EFBC}") = "Mobile.Contracts", "Mobile.Contracts\Mobile.Contracts.csproj", "{121784E0-C4F7-4B51-92E1-25C26F084D24}"
EndProject
Project("{FAE04EC0-301F-11D3-BF4B-00C04F79EFBC}") = "WindowsPhone", "WindowsPhone\WindowsPhone.csproj", "{756ADBFB-3ED5-4040-BA8E-2816EE24A2C4}"
	ProjectSection(ProjectDependencies) = postProject
		{0545CB3C-59C8-4888-AE80-5BC0613F61E8} = {0545CB3C-59C8-4888-AE80-5BC0613F61E8}
	EndProjectSection
EndProject
Project("{FAE04EC0-301F-11D3-BF4B-00C04F79EFBC}") = "Mobile.WindowsPhone", "Mobile.WindowsPhone\Mobile.WindowsPhone.csproj", "{62BAB9B5-7DAE-490C-BAC6-E9BF1B4CBD47}"
EndProject
Project("{FAE04EC0-301F-11D3-BF4B-00C04F79EFBC}") = "TouchUniversal", "TouchUniversal\TouchUniversal.csproj", "{FBF1D9C2-E177-4CB4-B21C-51D9E7FBFE49}"
	ProjectSection(ProjectDependencies) = postProject
		{47ED300A-0C61-431C-AB37-0046C5E867A1} = {47ED300A-0C61-431C-AB37-0046C5E867A1}
		{0545CB3C-59C8-4888-AE80-5BC0613F61E8} = {0545CB3C-59C8-4888-AE80-5BC0613F61E8}
		{8A189DDF-5CB0-4F70-A23C-2072182F03B7} = {8A189DDF-5CB0-4F70-A23C-2072182F03B7}
	EndProjectSection
EndProject
Project("{FAE04EC0-301F-11D3-BF4B-00C04F79EFBC}") = "Views", "Views\Views.csproj", "{67F9D3A8-F71E-4428-913F-C37AE82CDB24}"
EndProject
Project("{2150E333-8FDC-42A3-9474-1A3956D46DE8}") = "Core", "Core", "{B63FE56C-949D-4F74-9FEE-1533A4078D29}"
EndProject
Project("{2150E333-8FDC-42A3-9474-1A3956D46DE8}") = "CurrencyConverter", "CurrencyConverter", "{E53992A9-41A2-49BF-95F8-D214E749C7B7}"
EndProject
Project("{FAE04EC0-301F-11D3-BF4B-00C04F79EFBC}") = "CurrencyConverter.Models", "CurrencyConverter.Models\CurrencyConverter.Models.csproj", "{0545CB3C-59C8-4888-AE80-5BC0613F61E8}"
EndProject
Project("{FAE04EC0-301F-11D3-BF4B-00C04F79EFBC}") = "CurrencyConverter.Contracts", "CurrencyConverter.Contracts\CurrencyConverter.Contracts.csproj", "{8A189DDF-5CB0-4F70-A23C-2072182F03B7}"
EndProject
Project("{FAE04EC0-301F-11D3-BF4B-00C04F79EFBC}") = "CurrencyConverter.Services", "CurrencyConverter.Services\CurrencyConverter.Services.csproj", "{47ED300A-0C61-431C-AB37-0046C5E867A1}"
EndProject
Global
	GlobalSection(SolutionConfigurationPlatforms) = preSolution
		Ad-Hoc|Any CPU = Ad-Hoc|Any CPU
		Ad-Hoc|iPhone = Ad-Hoc|iPhone
		Ad-Hoc|iPhoneSimulator = Ad-Hoc|iPhoneSimulator
		AppStore|Any CPU = AppStore|Any CPU
		AppStore|iPhone = AppStore|iPhone
		AppStore|iPhoneSimulator = AppStore|iPhoneSimulator
		Debug|Any CPU = Debug|Any CPU
		Debug|iPhone = Debug|iPhone
		Debug|iPhoneSimulator = Debug|iPhoneSimulator
		Release|Any CPU = Release|Any CPU
		Release|iPhone = Release|iPhone
		Release|iPhoneSimulator = Release|iPhoneSimulator
	EndGlobalSection
	GlobalSection(ProjectConfigurationPlatforms) = postSolution
		{B2966B21-4AE9-4D58-97D9-176D160F8314}.Ad-Hoc|Any CPU.ActiveCfg = Debug|Any CPU
		{B2966B21-4AE9-4D58-97D9-176D160F8314}.Ad-Hoc|Any CPU.Build.0 = Debug|Any CPU
		{B2966B21-4AE9-4D58-97D9-176D160F8314}.Ad-Hoc|iPhone.ActiveCfg = Release|Any CPU
		{B2966B21-4AE9-4D58-97D9-176D160F8314}.Ad-Hoc|iPhoneSimulator.ActiveCfg = Release|Any CPU
		{B2966B21-4AE9-4D58-97D9-176D160F8314}.AppStore|Any CPU.ActiveCfg = Debug|Any CPU
		{B2966B21-4AE9-4D58-97D9-176D160F8314}.AppStore|Any CPU.Build.0 = Debug|Any CPU
		{B2966B21-4AE9-4D58-97D9-176D160F8314}.AppStore|iPhone.ActiveCfg = Release|Any CPU
		{B2966B21-4AE9-4D58-97D9-176D160F8314}.AppStore|iPhoneSimulator.ActiveCfg = Release|Any CPU
		{B2966B21-4AE9-4D58-97D9-176D160F8314}.Debug|Any CPU.ActiveCfg = Debug|Any CPU
		{B2966B21-4AE9-4D58-97D9-176D160F8314}.Debug|Any CPU.Build.0 = Debug|Any CPU
		{B2966B21-4AE9-4D58-97D9-176D160F8314}.Debug|iPhone.ActiveCfg = Debug|Any CPU
		{B2966B21-4AE9-4D58-97D9-176D160F8314}.Debug|iPhone.Build.0 = Debug|Any CPU
		{B2966B21-4AE9-4D58-97D9-176D160F8314}.Debug|iPhoneSimulator.ActiveCfg = Debug|Any CPU
		{B2966B21-4AE9-4D58-97D9-176D160F8314}.Debug|iPhoneSimulator.Build.0 = Debug|Any CPU
		{B2966B21-4AE9-4D58-97D9-176D160F8314}.Release|Any CPU.ActiveCfg = Release|Any CPU
		{B2966B21-4AE9-4D58-97D9-176D160F8314}.Release|Any CPU.Build.0 = Release|Any CPU
		{B2966B21-4AE9-4D58-97D9-176D160F8314}.Release|iPhone.ActiveCfg = Release|Any CPU
		{B2966B21-4AE9-4D58-97D9-176D160F8314}.Release|iPhoneSimulator.ActiveCfg = Release|Any CPU
		{1176FBFA-1E52-4DBD-9CF0-9442F43B949A}.Ad-Hoc|Any CPU.ActiveCfg = Debug|Any CPU
		{1176FBFA-1E52-4DBD-9CF0-9442F43B949A}.Ad-Hoc|Any CPU.Build.0 = Debug|Any CPU
		{1176FBFA-1E52-4DBD-9CF0-9442F43B949A}.Ad-Hoc|iPhone.ActiveCfg = Release|Any CPU
		{1176FBFA-1E52-4DBD-9CF0-9442F43B949A}.Ad-Hoc|iPhoneSimulator.ActiveCfg = Release|Any CPU
		{1176FBFA-1E52-4DBD-9CF0-9442F43B949A}.AppStore|Any CPU.ActiveCfg = Debug|Any CPU
		{1176FBFA-1E52-4DBD-9CF0-9442F43B949A}.AppStore|Any CPU.Build.0 = Debug|Any CPU
		{1176FBFA-1E52-4DBD-9CF0-9442F43B949A}.AppStore|iPhone.ActiveCfg = Release|Any CPU
		{1176FBFA-1E52-4DBD-9CF0-9442F43B949A}.AppStore|iPhoneSimulator.ActiveCfg = Release|Any CPU
		{1176FBFA-1E52-4DBD-9CF0-9442F43B949A}.Debug|Any CPU.ActiveCfg = Debug|Any CPU
		{1176FBFA-1E52-4DBD-9CF0-9442F43B949A}.Debug|Any CPU.Build.0 = Debug|Any CPU
		{1176FBFA-1E52-4DBD-9CF0-9442F43B949A}.Debug|iPhone.ActiveCfg = Debug|Any CPU
		{1176FBFA-1E52-4DBD-9CF0-9442F43B949A}.Debug|iPhone.Build.0 = Debug|Any CPU
		{1176FBFA-1E52-4DBD-9CF0-9442F43B949A}.Debug|iPhoneSimulator.ActiveCfg = Debug|Any CPU
		{1176FBFA-1E52-4DBD-9CF0-9442F43B949A}.Debug|iPhoneSimulator.Build.0 = Debug|Any CPU
		{1176FBFA-1E52-4DBD-9CF0-9442F43B949A}.Release|Any CPU.ActiveCfg = Release|Any CPU
		{1176FBFA-1E52-4DBD-9CF0-9442F43B949A}.Release|Any CPU.Build.0 = Release|Any CPU
		{1176FBFA-1E52-4DBD-9CF0-9442F43B949A}.Release|iPhone.ActiveCfg = Release|Any CPU
		{1176FBFA-1E52-4DBD-9CF0-9442F43B949A}.Release|iPhoneSimulator.ActiveCfg = Release|Any CPU
		{1176FBFA-1E52-4DBD-9CF0-9442F43B949A}.Release|iPhoneSimulator.Build.0 = Release|Any CPU
		{0829E0A9-7976-4309-9AE2-4B34C6CBC626}.Ad-Hoc|Any CPU.ActiveCfg = Debug|Any CPU
		{0829E0A9-7976-4309-9AE2-4B34C6CBC626}.Ad-Hoc|Any CPU.Build.0 = Debug|Any CPU
		{0829E0A9-7976-4309-9AE2-4B34C6CBC626}.Ad-Hoc|Any CPU.Deploy.0 = Debug|Any CPU
		{0829E0A9-7976-4309-9AE2-4B34C6CBC626}.Ad-Hoc|iPhone.ActiveCfg = Release|Any CPU
		{0829E0A9-7976-4309-9AE2-4B34C6CBC626}.Ad-Hoc|iPhoneSimulator.ActiveCfg = Release|Any CPU
		{0829E0A9-7976-4309-9AE2-4B34C6CBC626}.AppStore|Any CPU.ActiveCfg = Debug|Any CPU
		{0829E0A9-7976-4309-9AE2-4B34C6CBC626}.AppStore|Any CPU.Build.0 = Debug|Any CPU
		{0829E0A9-7976-4309-9AE2-4B34C6CBC626}.AppStore|Any CPU.Deploy.0 = Debug|Any CPU
		{0829E0A9-7976-4309-9AE2-4B34C6CBC626}.AppStore|iPhone.ActiveCfg = Release|Any CPU
		{0829E0A9-7976-4309-9AE2-4B34C6CBC626}.AppStore|iPhoneSimulator.ActiveCfg = Release|Any CPU
		{0829E0A9-7976-4309-9AE2-4B34C6CBC626}.Debug|Any CPU.ActiveCfg = Debug|Any CPU
		{0829E0A9-7976-4309-9AE2-4B34C6CBC626}.Debug|Any CPU.Build.0 = Debug|Any CPU
		{0829E0A9-7976-4309-9AE2-4B34C6CBC626}.Debug|Any CPU.Deploy.0 = Debug|Any CPU
		{0829E0A9-7976-4309-9AE2-4B34C6CBC626}.Debug|iPhone.ActiveCfg = Debug|Any CPU
		{0829E0A9-7976-4309-9AE2-4B34C6CBC626}.Debug|iPhoneSimulator.ActiveCfg = Debug|Any CPU
		{0829E0A9-7976-4309-9AE2-4B34C6CBC626}.Release|Any CPU.ActiveCfg = Release|Any CPU
		{0829E0A9-7976-4309-9AE2-4B34C6CBC626}.Release|Any CPU.Build.0 = Release|Any CPU
		{0829E0A9-7976-4309-9AE2-4B34C6CBC626}.Release|Any CPU.Deploy.0 = Release|Any CPU
		{0829E0A9-7976-4309-9AE2-4B34C6CBC626}.Release|iPhone.ActiveCfg = Release|Any CPU
		{0829E0A9-7976-4309-9AE2-4B34C6CBC626}.Release|iPhoneSimulator.ActiveCfg = Release|Any CPU
		{7748D299-D607-4C4F-A480-D38E46111157}.Ad-Hoc|Any CPU.ActiveCfg = Debug|Any CPU
		{7748D299-D607-4C4F-A480-D38E46111157}.Ad-Hoc|Any CPU.Build.0 = Debug|Any CPU
		{7748D299-D607-4C4F-A480-D38E46111157}.Ad-Hoc|iPhone.ActiveCfg = Release|Any CPU
		{7748D299-D607-4C4F-A480-D38E46111157}.Ad-Hoc|iPhoneSimulator.ActiveCfg = Release|Any CPU
		{7748D299-D607-4C4F-A480-D38E46111157}.AppStore|Any CPU.ActiveCfg = Debug|Any CPU
		{7748D299-D607-4C4F-A480-D38E46111157}.AppStore|Any CPU.Build.0 = Debug|Any CPU
		{7748D299-D607-4C4F-A480-D38E46111157}.AppStore|iPhone.ActiveCfg = Release|Any CPU
		{7748D299-D607-4C4F-A480-D38E46111157}.AppStore|iPhoneSimulator.ActiveCfg = Release|Any CPU
		{7748D299-D607-4C4F-A480-D38E46111157}.Debug|Any CPU.ActiveCfg = Debug|Any CPU
		{7748D299-D607-4C4F-A480-D38E46111157}.Debug|Any CPU.Build.0 = Debug|Any CPU
		{7748D299-D607-4C4F-A480-D38E46111157}.Debug|iPhone.ActiveCfg = Debug|Any CPU
		{7748D299-D607-4C4F-A480-D38E46111157}.Debug|iPhoneSimulator.ActiveCfg = Debug|Any CPU
		{7748D299-D607-4C4F-A480-D38E46111157}.Release|Any CPU.ActiveCfg = Release|Any CPU
		{7748D299-D607-4C4F-A480-D38E46111157}.Release|Any CPU.Build.0 = Release|Any CPU
		{7748D299-D607-4C4F-A480-D38E46111157}.Release|iPhone.ActiveCfg = Release|Any CPU
		{7748D299-D607-4C4F-A480-D38E46111157}.Release|iPhoneSimulator.ActiveCfg = Release|Any CPU
		{7748D299-D607-4C4F-A480-D38E46111157}.Release|iPhoneSimulator.Build.0 = Release|Any CPU
		{735E7F35-9E4C-47D1-9516-6AF7202BE6AD}.Ad-Hoc|Any CPU.ActiveCfg = Debug|Any CPU
		{735E7F35-9E4C-47D1-9516-6AF7202BE6AD}.Ad-Hoc|Any CPU.Build.0 = Debug|Any CPU
		{735E7F35-9E4C-47D1-9516-6AF7202BE6AD}.Ad-Hoc|iPhone.ActiveCfg = Release|Any CPU
		{735E7F35-9E4C-47D1-9516-6AF7202BE6AD}.Ad-Hoc|iPhoneSimulator.ActiveCfg = Release|Any CPU
		{735E7F35-9E4C-47D1-9516-6AF7202BE6AD}.AppStore|Any CPU.ActiveCfg = Debug|Any CPU
		{735E7F35-9E4C-47D1-9516-6AF7202BE6AD}.AppStore|Any CPU.Build.0 = Debug|Any CPU
		{735E7F35-9E4C-47D1-9516-6AF7202BE6AD}.AppStore|iPhone.ActiveCfg = Release|Any CPU
		{735E7F35-9E4C-47D1-9516-6AF7202BE6AD}.AppStore|iPhoneSimulator.ActiveCfg = Release|Any CPU
		{735E7F35-9E4C-47D1-9516-6AF7202BE6AD}.Debug|Any CPU.ActiveCfg = Debug|Any CPU
		{735E7F35-9E4C-47D1-9516-6AF7202BE6AD}.Debug|Any CPU.Build.0 = Debug|Any CPU
		{735E7F35-9E4C-47D1-9516-6AF7202BE6AD}.Debug|iPhone.ActiveCfg = Debug|Any CPU
		{735E7F35-9E4C-47D1-9516-6AF7202BE6AD}.Debug|iPhone.Build.0 = Debug|Any CPU
		{735E7F35-9E4C-47D1-9516-6AF7202BE6AD}.Debug|iPhoneSimulator.ActiveCfg = Debug|Any CPU
		{735E7F35-9E4C-47D1-9516-6AF7202BE6AD}.Debug|iPhoneSimulator.Build.0 = Debug|Any CPU
		{735E7F35-9E4C-47D1-9516-6AF7202BE6AD}.Release|Any CPU.ActiveCfg = Release|Any CPU
		{735E7F35-9E4C-47D1-9516-6AF7202BE6AD}.Release|Any CPU.Build.0 = Release|Any CPU
		{735E7F35-9E4C-47D1-9516-6AF7202BE6AD}.Release|iPhone.ActiveCfg = Release|Any CPU
		{735E7F35-9E4C-47D1-9516-6AF7202BE6AD}.Release|iPhoneSimulator.ActiveCfg = Release|Any CPU
		{735E7F35-9E4C-47D1-9516-6AF7202BE6AD}.Release|iPhoneSimulator.Build.0 = Release|Any CPU
		{121784E0-C4F7-4B51-92E1-25C26F084D24}.Ad-Hoc|Any CPU.ActiveCfg = Debug|Any CPU
		{121784E0-C4F7-4B51-92E1-25C26F084D24}.Ad-Hoc|Any CPU.Build.0 = Debug|Any CPU
		{121784E0-C4F7-4B51-92E1-25C26F084D24}.Ad-Hoc|iPhone.ActiveCfg = Release|Any CPU
		{121784E0-C4F7-4B51-92E1-25C26F084D24}.Ad-Hoc|iPhoneSimulator.ActiveCfg = Release|Any CPU
		{121784E0-C4F7-4B51-92E1-25C26F084D24}.AppStore|Any CPU.ActiveCfg = Debug|Any CPU
		{121784E0-C4F7-4B51-92E1-25C26F084D24}.AppStore|Any CPU.Build.0 = Debug|Any CPU
		{121784E0-C4F7-4B51-92E1-25C26F084D24}.AppStore|iPhone.ActiveCfg = Release|Any CPU
		{121784E0-C4F7-4B51-92E1-25C26F084D24}.AppStore|iPhoneSimulator.ActiveCfg = Release|Any CPU
		{121784E0-C4F7-4B51-92E1-25C26F084D24}.Debug|Any CPU.ActiveCfg = Debug|Any CPU
		{121784E0-C4F7-4B51-92E1-25C26F084D24}.Debug|Any CPU.Build.0 = Debug|Any CPU
		{121784E0-C4F7-4B51-92E1-25C26F084D24}.Debug|iPhone.ActiveCfg = Debug|Any CPU
		{121784E0-C4F7-4B51-92E1-25C26F084D24}.Debug|iPhone.Build.0 = Debug|Any CPU
		{121784E0-C4F7-4B51-92E1-25C26F084D24}.Debug|iPhoneSimulator.ActiveCfg = Debug|Any CPU
		{121784E0-C4F7-4B51-92E1-25C26F084D24}.Debug|iPhoneSimulator.Build.0 = Debug|Any CPU
		{121784E0-C4F7-4B51-92E1-25C26F084D24}.Release|Any CPU.ActiveCfg = Release|Any CPU
		{121784E0-C4F7-4B51-92E1-25C26F084D24}.Release|Any CPU.Build.0 = Release|Any CPU
		{121784E0-C4F7-4B51-92E1-25C26F084D24}.Release|iPhone.ActiveCfg = Release|Any CPU
		{121784E0-C4F7-4B51-92E1-25C26F084D24}.Release|iPhoneSimulator.ActiveCfg = Release|Any CPU
		{121784E0-C4F7-4B51-92E1-25C26F084D24}.Release|iPhoneSimulator.Build.0 = Release|Any CPU
		{756ADBFB-3ED5-4040-BA8E-2816EE24A2C4}.Ad-Hoc|Any CPU.ActiveCfg = Debug|Any CPU
		{756ADBFB-3ED5-4040-BA8E-2816EE24A2C4}.Ad-Hoc|Any CPU.Build.0 = Debug|Any CPU
		{756ADBFB-3ED5-4040-BA8E-2816EE24A2C4}.Ad-Hoc|Any CPU.Deploy.0 = Debug|Any CPU
		{756ADBFB-3ED5-4040-BA8E-2816EE24A2C4}.Ad-Hoc|iPhone.ActiveCfg = Release|Any CPU
		{756ADBFB-3ED5-4040-BA8E-2816EE24A2C4}.Ad-Hoc|iPhoneSimulator.ActiveCfg = Release|Any CPU
		{756ADBFB-3ED5-4040-BA8E-2816EE24A2C4}.AppStore|Any CPU.ActiveCfg = Debug|Any CPU
		{756ADBFB-3ED5-4040-BA8E-2816EE24A2C4}.AppStore|Any CPU.Build.0 = Debug|Any CPU
		{756ADBFB-3ED5-4040-BA8E-2816EE24A2C4}.AppStore|Any CPU.Deploy.0 = Debug|Any CPU
		{756ADBFB-3ED5-4040-BA8E-2816EE24A2C4}.AppStore|iPhone.ActiveCfg = Release|Any CPU
		{756ADBFB-3ED5-4040-BA8E-2816EE24A2C4}.AppStore|iPhoneSimulator.ActiveCfg = Release|Any CPU
		{756ADBFB-3ED5-4040-BA8E-2816EE24A2C4}.Debug|Any CPU.ActiveCfg = Debug|Any CPU
		{756ADBFB-3ED5-4040-BA8E-2816EE24A2C4}.Debug|Any CPU.Build.0 = Debug|Any CPU
		{756ADBFB-3ED5-4040-BA8E-2816EE24A2C4}.Debug|Any CPU.Deploy.0 = Debug|Any CPU
		{756ADBFB-3ED5-4040-BA8E-2816EE24A2C4}.Debug|iPhone.ActiveCfg = Debug|Any CPU
		{756ADBFB-3ED5-4040-BA8E-2816EE24A2C4}.Debug|iPhoneSimulator.ActiveCfg = Debug|Any CPU
		{756ADBFB-3ED5-4040-BA8E-2816EE24A2C4}.Release|Any CPU.ActiveCfg = Release|Any CPU
		{756ADBFB-3ED5-4040-BA8E-2816EE24A2C4}.Release|Any CPU.Build.0 = Release|Any CPU
		{756ADBFB-3ED5-4040-BA8E-2816EE24A2C4}.Release|Any CPU.Deploy.0 = Release|Any CPU
		{756ADBFB-3ED5-4040-BA8E-2816EE24A2C4}.Release|iPhone.ActiveCfg = Release|Any CPU
		{756ADBFB-3ED5-4040-BA8E-2816EE24A2C4}.Release|iPhoneSimulator.ActiveCfg = Release|Any CPU
		{62BAB9B5-7DAE-490C-BAC6-E9BF1B4CBD47}.Ad-Hoc|Any CPU.ActiveCfg = Debug|Any CPU
		{62BAB9B5-7DAE-490C-BAC6-E9BF1B4CBD47}.Ad-Hoc|Any CPU.Build.0 = Debug|Any CPU
		{62BAB9B5-7DAE-490C-BAC6-E9BF1B4CBD47}.Ad-Hoc|iPhone.ActiveCfg = Release|Any CPU
		{62BAB9B5-7DAE-490C-BAC6-E9BF1B4CBD47}.Ad-Hoc|iPhoneSimulator.ActiveCfg = Release|Any CPU
		{62BAB9B5-7DAE-490C-BAC6-E9BF1B4CBD47}.AppStore|Any CPU.ActiveCfg = Debug|Any CPU
		{62BAB9B5-7DAE-490C-BAC6-E9BF1B4CBD47}.AppStore|Any CPU.Build.0 = Debug|Any CPU
		{62BAB9B5-7DAE-490C-BAC6-E9BF1B4CBD47}.AppStore|iPhone.ActiveCfg = Release|Any CPU
		{62BAB9B5-7DAE-490C-BAC6-E9BF1B4CBD47}.AppStore|iPhoneSimulator.ActiveCfg = Release|Any CPU
		{62BAB9B5-7DAE-490C-BAC6-E9BF1B4CBD47}.Debug|Any CPU.ActiveCfg = Debug|Any CPU
		{62BAB9B5-7DAE-490C-BAC6-E9BF1B4CBD47}.Debug|Any CPU.Build.0 = Debug|Any CPU
		{62BAB9B5-7DAE-490C-BAC6-E9BF1B4CBD47}.Debug|iPhone.ActiveCfg = Debug|Any CPU
		{62BAB9B5-7DAE-490C-BAC6-E9BF1B4CBD47}.Debug|iPhoneSimulator.ActiveCfg = Debug|Any CPU
		{62BAB9B5-7DAE-490C-BAC6-E9BF1B4CBD47}.Release|Any CPU.ActiveCfg = Release|Any CPU
		{62BAB9B5-7DAE-490C-BAC6-E9BF1B4CBD47}.Release|Any CPU.Build.0 = Release|Any CPU
		{62BAB9B5-7DAE-490C-BAC6-E9BF1B4CBD47}.Release|iPhone.ActiveCfg = Release|Any CPU
		{62BAB9B5-7DAE-490C-BAC6-E9BF1B4CBD47}.Release|iPhoneSimulator.ActiveCfg = Release|Any CPU
		{FBF1D9C2-E177-4CB4-B21C-51D9E7FBFE49}.Ad-Hoc|Any CPU.ActiveCfg = Ad-Hoc|Any CPU
		{FBF1D9C2-E177-4CB4-B21C-51D9E7FBFE49}.Ad-Hoc|Any CPU.Build.0 = Ad-Hoc|Any CPU
		{FBF1D9C2-E177-4CB4-B21C-51D9E7FBFE49}.Ad-Hoc|Any CPU.Deploy.0 = Ad-Hoc|Any CPU
		{FBF1D9C2-E177-4CB4-B21C-51D9E7FBFE49}.Ad-Hoc|iPhone.ActiveCfg = Ad-Hoc|iPhone
		{FBF1D9C2-E177-4CB4-B21C-51D9E7FBFE49}.Ad-Hoc|iPhone.Build.0 = Ad-Hoc|iPhone
		{FBF1D9C2-E177-4CB4-B21C-51D9E7FBFE49}.Ad-Hoc|iPhone.Deploy.0 = Ad-Hoc|iPhone
		{FBF1D9C2-E177-4CB4-B21C-51D9E7FBFE49}.Ad-Hoc|iPhoneSimulator.ActiveCfg = Ad-Hoc|iPhoneSimulator
		{FBF1D9C2-E177-4CB4-B21C-51D9E7FBFE49}.Ad-Hoc|iPhoneSimulator.Build.0 = Ad-Hoc|iPhoneSimulator
		{FBF1D9C2-E177-4CB4-B21C-51D9E7FBFE49}.Ad-Hoc|iPhoneSimulator.Deploy.0 = Ad-Hoc|iPhoneSimulator
		{FBF1D9C2-E177-4CB4-B21C-51D9E7FBFE49}.AppStore|Any CPU.ActiveCfg = AppStore|Any CPU
		{FBF1D9C2-E177-4CB4-B21C-51D9E7FBFE49}.AppStore|Any CPU.Build.0 = AppStore|Any CPU
		{FBF1D9C2-E177-4CB4-B21C-51D9E7FBFE49}.AppStore|Any CPU.Deploy.0 = AppStore|Any CPU
		{FBF1D9C2-E177-4CB4-B21C-51D9E7FBFE49}.AppStore|iPhone.ActiveCfg = AppStore|iPhone
		{FBF1D9C2-E177-4CB4-B21C-51D9E7FBFE49}.AppStore|iPhone.Build.0 = AppStore|iPhone
		{FBF1D9C2-E177-4CB4-B21C-51D9E7FBFE49}.AppStore|iPhone.Deploy.0 = AppStore|iPhone
		{FBF1D9C2-E177-4CB4-B21C-51D9E7FBFE49}.AppStore|iPhoneSimulator.ActiveCfg = AppStore|iPhoneSimulator
		{FBF1D9C2-E177-4CB4-B21C-51D9E7FBFE49}.AppStore|iPhoneSimulator.Build.0 = AppStore|iPhoneSimulator
		{FBF1D9C2-E177-4CB4-B21C-51D9E7FBFE49}.AppStore|iPhoneSimulator.Deploy.0 = AppStore|iPhoneSimulator
		{FBF1D9C2-E177-4CB4-B21C-51D9E7FBFE49}.Debug|Any CPU.ActiveCfg = Debug|Any CPU
		{FBF1D9C2-E177-4CB4-B21C-51D9E7FBFE49}.Debug|Any CPU.Build.0 = Debug|Any CPU
		{FBF1D9C2-E177-4CB4-B21C-51D9E7FBFE49}.Debug|Any CPU.Deploy.0 = Debug|Any CPU
		{FBF1D9C2-E177-4CB4-B21C-51D9E7FBFE49}.Debug|iPhone.ActiveCfg = Debug|iPhone
		{FBF1D9C2-E177-4CB4-B21C-51D9E7FBFE49}.Debug|iPhone.Build.0 = Debug|iPhone
		{FBF1D9C2-E177-4CB4-B21C-51D9E7FBFE49}.Debug|iPhone.Deploy.0 = Debug|iPhone
		{FBF1D9C2-E177-4CB4-B21C-51D9E7FBFE49}.Debug|iPhoneSimulator.ActiveCfg = Debug|iPhoneSimulator
		{FBF1D9C2-E177-4CB4-B21C-51D9E7FBFE49}.Debug|iPhoneSimulator.Build.0 = Debug|iPhoneSimulator
		{FBF1D9C2-E177-4CB4-B21C-51D9E7FBFE49}.Debug|iPhoneSimulator.Deploy.0 = Debug|iPhoneSimulator
		{FBF1D9C2-E177-4CB4-B21C-51D9E7FBFE49}.Release|Any CPU.ActiveCfg = Release|Any CPU
		{FBF1D9C2-E177-4CB4-B21C-51D9E7FBFE49}.Release|Any CPU.Build.0 = Release|Any CPU
		{FBF1D9C2-E177-4CB4-B21C-51D9E7FBFE49}.Release|Any CPU.Deploy.0 = Release|Any CPU
		{FBF1D9C2-E177-4CB4-B21C-51D9E7FBFE49}.Release|iPhone.ActiveCfg = Release|iPhone
		{FBF1D9C2-E177-4CB4-B21C-51D9E7FBFE49}.Release|iPhone.Build.0 = Release|iPhone
		{FBF1D9C2-E177-4CB4-B21C-51D9E7FBFE49}.Release|iPhone.Deploy.0 = Release|iPhone
		{FBF1D9C2-E177-4CB4-B21C-51D9E7FBFE49}.Release|iPhoneSimulator.ActiveCfg = Release|iPhoneSimulator
		{FBF1D9C2-E177-4CB4-B21C-51D9E7FBFE49}.Release|iPhoneSimulator.Build.0 = Release|iPhoneSimulator
		{FBF1D9C2-E177-4CB4-B21C-51D9E7FBFE49}.Release|iPhoneSimulator.Deploy.0 = Release|iPhoneSimulator
		{67F9D3A8-F71E-4428-913F-C37AE82CDB24}.Ad-Hoc|Any CPU.ActiveCfg = Debug|Any CPU
		{67F9D3A8-F71E-4428-913F-C37AE82CDB24}.Ad-Hoc|Any CPU.Build.0 = Debug|Any CPU
		{67F9D3A8-F71E-4428-913F-C37AE82CDB24}.Ad-Hoc|iPhone.ActiveCfg = Release|Any CPU
		{67F9D3A8-F71E-4428-913F-C37AE82CDB24}.Ad-Hoc|iPhoneSimulator.ActiveCfg = Release|Any CPU
		{67F9D3A8-F71E-4428-913F-C37AE82CDB24}.AppStore|Any CPU.ActiveCfg = Debug|Any CPU
		{67F9D3A8-F71E-4428-913F-C37AE82CDB24}.AppStore|Any CPU.Build.0 = Debug|Any CPU
		{67F9D3A8-F71E-4428-913F-C37AE82CDB24}.AppStore|iPhone.ActiveCfg = Release|Any CPU
		{67F9D3A8-F71E-4428-913F-C37AE82CDB24}.AppStore|iPhoneSimulator.ActiveCfg = Release|Any CPU
		{67F9D3A8-F71E-4428-913F-C37AE82CDB24}.Debug|Any CPU.ActiveCfg = Debug|Any CPU
		{67F9D3A8-F71E-4428-913F-C37AE82CDB24}.Debug|Any CPU.Build.0 = Debug|Any CPU
		{67F9D3A8-F71E-4428-913F-C37AE82CDB24}.Debug|iPhone.ActiveCfg = Debug|Any CPU
		{67F9D3A8-F71E-4428-913F-C37AE82CDB24}.Debug|iPhone.Build.0 = Debug|Any CPU
		{67F9D3A8-F71E-4428-913F-C37AE82CDB24}.Debug|iPhoneSimulator.ActiveCfg = Debug|Any CPU
		{67F9D3A8-F71E-4428-913F-C37AE82CDB24}.Debug|iPhoneSimulator.Build.0 = Debug|Any CPU
		{67F9D3A8-F71E-4428-913F-C37AE82CDB24}.Release|Any CPU.ActiveCfg = Release|Any CPU
		{67F9D3A8-F71E-4428-913F-C37AE82CDB24}.Release|Any CPU.Build.0 = Release|Any CPU
		{67F9D3A8-F71E-4428-913F-C37AE82CDB24}.Release|iPhone.ActiveCfg = Release|Any CPU
		{67F9D3A8-F71E-4428-913F-C37AE82CDB24}.Release|iPhoneSimulator.ActiveCfg = Release|Any CPU
		{67F9D3A8-F71E-4428-913F-C37AE82CDB24}.Release|iPhoneSimulator.Build.0 = Release|Any CPU
		{0545CB3C-59C8-4888-AE80-5BC0613F61E8}.Ad-Hoc|Any CPU.ActiveCfg = Release|Any CPU
		{0545CB3C-59C8-4888-AE80-5BC0613F61E8}.Ad-Hoc|Any CPU.Build.0 = Release|Any CPU
		{0545CB3C-59C8-4888-AE80-5BC0613F61E8}.Ad-Hoc|iPhone.ActiveCfg = Release|Any CPU
		{0545CB3C-59C8-4888-AE80-5BC0613F61E8}.Ad-Hoc|iPhoneSimulator.ActiveCfg = Release|Any CPU
		{0545CB3C-59C8-4888-AE80-5BC0613F61E8}.AppStore|Any CPU.ActiveCfg = Release|Any CPU
		{0545CB3C-59C8-4888-AE80-5BC0613F61E8}.AppStore|Any CPU.Build.0 = Release|Any CPU
		{0545CB3C-59C8-4888-AE80-5BC0613F61E8}.AppStore|iPhone.ActiveCfg = Release|Any CPU
		{0545CB3C-59C8-4888-AE80-5BC0613F61E8}.AppStore|iPhoneSimulator.ActiveCfg = Release|Any CPU
		{0545CB3C-59C8-4888-AE80-5BC0613F61E8}.Debug|Any CPU.ActiveCfg = Debug|Any CPU
		{0545CB3C-59C8-4888-AE80-5BC0613F61E8}.Debug|Any CPU.Build.0 = Debug|Any CPU
		{0545CB3C-59C8-4888-AE80-5BC0613F61E8}.Debug|iPhone.ActiveCfg = Debug|Any CPU
		{0545CB3C-59C8-4888-AE80-5BC0613F61E8}.Debug|iPhoneSimulator.ActiveCfg = Debug|Any CPU
		{0545CB3C-59C8-4888-AE80-5BC0613F61E8}.Debug|iPhoneSimulator.Build.0 = Debug|Any CPU
		{0545CB3C-59C8-4888-AE80-5BC0613F61E8}.Release|Any CPU.ActiveCfg = Release|Any CPU
		{0545CB3C-59C8-4888-AE80-5BC0613F61E8}.Release|Any CPU.Build.0 = Release|Any CPU
		{0545CB3C-59C8-4888-AE80-5BC0613F61E8}.Release|iPhone.ActiveCfg = Release|Any CPU
		{0545CB3C-59C8-4888-AE80-5BC0613F61E8}.Release|iPhoneSimulator.ActiveCfg = Release|Any CPU
		{0545CB3C-59C8-4888-AE80-5BC0613F61E8}.Release|iPhoneSimulator.Build.0 = Release|Any CPU
		{8A189DDF-5CB0-4F70-A23C-2072182F03B7}.Ad-Hoc|Any CPU.ActiveCfg = Release|Any CPU
		{8A189DDF-5CB0-4F70-A23C-2072182F03B7}.Ad-Hoc|Any CPU.Build.0 = Release|Any CPU
		{8A189DDF-5CB0-4F70-A23C-2072182F03B7}.Ad-Hoc|iPhone.ActiveCfg = Release|Any CPU
		{8A189DDF-5CB0-4F70-A23C-2072182F03B7}.Ad-Hoc|iPhoneSimulator.ActiveCfg = Release|Any CPU
		{8A189DDF-5CB0-4F70-A23C-2072182F03B7}.AppStore|Any CPU.ActiveCfg = Release|Any CPU
		{8A189DDF-5CB0-4F70-A23C-2072182F03B7}.AppStore|Any CPU.Build.0 = Release|Any CPU
		{8A189DDF-5CB0-4F70-A23C-2072182F03B7}.AppStore|iPhone.ActiveCfg = Release|Any CPU
		{8A189DDF-5CB0-4F70-A23C-2072182F03B7}.AppStore|iPhoneSimulator.ActiveCfg = Release|Any CPU
		{8A189DDF-5CB0-4F70-A23C-2072182F03B7}.Debug|Any CPU.ActiveCfg = Debug|Any CPU
		{8A189DDF-5CB0-4F70-A23C-2072182F03B7}.Debug|Any CPU.Build.0 = Debug|Any CPU
		{8A189DDF-5CB0-4F70-A23C-2072182F03B7}.Debug|iPhone.ActiveCfg = Debug|Any CPU
		{8A189DDF-5CB0-4F70-A23C-2072182F03B7}.Debug|iPhoneSimulator.ActiveCfg = Debug|Any CPU
		{8A189DDF-5CB0-4F70-A23C-2072182F03B7}.Debug|iPhoneSimulator.Build.0 = Debug|Any CPU
		{8A189DDF-5CB0-4F70-A23C-2072182F03B7}.Release|Any CPU.ActiveCfg = Release|Any CPU
		{8A189DDF-5CB0-4F70-A23C-2072182F03B7}.Release|Any CPU.Build.0 = Release|Any CPU
		{8A189DDF-5CB0-4F70-A23C-2072182F03B7}.Release|iPhone.ActiveCfg = Release|Any CPU
		{8A189DDF-5CB0-4F70-A23C-2072182F03B7}.Release|iPhoneSimulator.ActiveCfg = Release|Any CPU
		{8A189DDF-5CB0-4F70-A23C-2072182F03B7}.Release|iPhoneSimulator.Build.0 = Release|Any CPU
		{47ED300A-0C61-431C-AB37-0046C5E867A1}.Ad-Hoc|Any CPU.ActiveCfg = Release|Any CPU
		{47ED300A-0C61-431C-AB37-0046C5E867A1}.Ad-Hoc|Any CPU.Build.0 = Release|Any CPU
		{47ED300A-0C61-431C-AB37-0046C5E867A1}.Ad-Hoc|iPhone.ActiveCfg = Release|Any CPU
		{47ED300A-0C61-431C-AB37-0046C5E867A1}.Ad-Hoc|iPhoneSimulator.ActiveCfg = Release|Any CPU
		{47ED300A-0C61-431C-AB37-0046C5E867A1}.AppStore|Any CPU.ActiveCfg = Release|Any CPU
		{47ED300A-0C61-431C-AB37-0046C5E867A1}.AppStore|Any CPU.Build.0 = Release|Any CPU
		{47ED300A-0C61-431C-AB37-0046C5E867A1}.AppStore|iPhone.ActiveCfg = Release|Any CPU
		{47ED300A-0C61-431C-AB37-0046C5E867A1}.AppStore|iPhoneSimulator.ActiveCfg = Release|Any CPU
		{47ED300A-0C61-431C-AB37-0046C5E867A1}.Debug|Any CPU.ActiveCfg = Debug|Any CPU
		{47ED300A-0C61-431C-AB37-0046C5E867A1}.Debug|Any CPU.Build.0 = Debug|Any CPU
		{47ED300A-0C61-431C-AB37-0046C5E867A1}.Debug|iPhone.ActiveCfg = Debug|Any CPU
		{47ED300A-0C61-431C-AB37-0046C5E867A1}.Debug|iPhoneSimulator.ActiveCfg = Debug|Any CPU
		{47ED300A-0C61-431C-AB37-0046C5E867A1}.Debug|iPhoneSimulator.Build.0 = Debug|Any CPU
		{47ED300A-0C61-431C-AB37-0046C5E867A1}.Release|Any CPU.ActiveCfg = Release|Any CPU
		{47ED300A-0C61-431C-AB37-0046C5E867A1}.Release|Any CPU.Build.0 = Release|Any CPU
		{47ED300A-0C61-431C-AB37-0046C5E867A1}.Release|iPhone.ActiveCfg = Release|Any CPU
		{47ED300A-0C61-431C-AB37-0046C5E867A1}.Release|iPhoneSimulator.ActiveCfg = Release|Any CPU
		{47ED300A-0C61-431C-AB37-0046C5E867A1}.Release|iPhoneSimulator.Build.0 = Release|Any CPU
	EndGlobalSection
	GlobalSection(SolutionProperties) = preSolution
		HideSolutionNode = FALSE
	EndGlobalSection
	GlobalSection(NestedProjects) = preSolution
		{B2966B21-4AE9-4D58-97D9-176D160F8314} = {B63FE56C-949D-4F74-9FEE-1533A4078D29}
		{1176FBFA-1E52-4DBD-9CF0-9442F43B949A} = {D0B851DC-798D-48DB-9EB9-26404A3F236E}
		{D0B851DC-798D-48DB-9EB9-26404A3F236E} = {A540384C-ED3A-40B9-BBD1-D8E1B7623669}
		{0829E0A9-7976-4309-9AE2-4B34C6CBC626} = {88E88A00-375C-4127-A800-C820C61A5596}
		{7748D299-D607-4C4F-A480-D38E46111157} = {46B20745-25CA-4C69-8CB2-11A62BD9EF13}
		{735E7F35-9E4C-47D1-9516-6AF7202BE6AD} = {46B20745-25CA-4C69-8CB2-11A62BD9EF13}
		{46B20745-25CA-4C69-8CB2-11A62BD9EF13} = {A540384C-ED3A-40B9-BBD1-D8E1B7623669}
		{121784E0-C4F7-4B51-92E1-25C26F084D24} = {B63FE56C-949D-4F74-9FEE-1533A4078D29}
		{756ADBFB-3ED5-4040-BA8E-2816EE24A2C4} = {88E88A00-375C-4127-A800-C820C61A5596}
		{62BAB9B5-7DAE-490C-BAC6-E9BF1B4CBD47} = {46B20745-25CA-4C69-8CB2-11A62BD9EF13}
		{FBF1D9C2-E177-4CB4-B21C-51D9E7FBFE49} = {88E88A00-375C-4127-A800-C820C61A5596}
		{67F9D3A8-F71E-4428-913F-C37AE82CDB24} = {D0B851DC-798D-48DB-9EB9-26404A3F236E}
		{B63FE56C-949D-4F74-9FEE-1533A4078D29} = {A540384C-ED3A-40B9-BBD1-D8E1B7623669}
		{E53992A9-41A2-49BF-95F8-D214E749C7B7} = {A540384C-ED3A-40B9-BBD1-D8E1B7623669}
		{0545CB3C-59C8-4888-AE80-5BC0613F61E8} = {E53992A9-41A2-49BF-95F8-D214E749C7B7}
		{8A189DDF-5CB0-4F70-A23C-2072182F03B7} = {E53992A9-41A2-49BF-95F8-D214E749C7B7}
		{47ED300A-0C61-431C-AB37-0046C5E867A1} = {E53992A9-41A2-49BF-95F8-D214E749C7B7}
	EndGlobalSection
EndGlobal
